{
  "name": "signals-preact",
  "version": "1.0.0",
  "lockfileVersion": 3,
  "requires": true,
  "packages": {
    "": {
      "name": "signals-preact",
      "version": "1.0.0",
      "license": "ISC",
      "dependencies": {
        "@preact/signals-core": "1.12.1"
      }
    },
    "node_modules/@preact/signals-core": {
      "version": "1.12.1",
      "resolved": "https://registry.npmjs.org/@preact/signals-core/-/signals-core-1.12.1.tgz",
      "integrity": "sha512-BwbTXpj+9QutoZLQvbttRg5x3l5468qaV2kufh+51yha1c53ep5dY4kTuZR35+3pAZxpfQerGJiQqg34ZNZ6uA==",
      "license": "MIT",
      "funding": {
        "type": "opencollective",
        "url": "https://opencollective.com/preact"
      }
    }
  }
}
